// !$*UTF8*$!
{
	archiveVersion = 1;
	classes = {
	};
	objectVersion = 46;
	objects = {

/* Begin PBXBuildFile section */
		BF_312168298619 /* Stub.swift in Sources */ = {isa = PBXBuildFile; fileRef = FR_164461626461 /* Stub.swift */; settings = {COMPILER_FLAGS = "-x objective-c -std=gnu99"; }; };
		BF_433848069429 /* AppDelegate.swift in Sources */ = {isa = PBXBuildFile; fileRef = FR_209587129221 /* AppDelegate.swift */; };
		BF_738020867112 = {isa = PBXBuildFile; fileRef = FR_727585954021 /* ios-app-main.a */; };
		BF_745439098229 /* libios-app-main.a in Frameworks */ = {isa = PBXBuildFile; fileRef = FR_339814870963 /* libios-app-main.a */; };
		BF_816617878957 = {isa = PBXBuildFile; fileRef = FR_133574888244 /* ios-app.app */; };
/* End PBXBuildFile section */

/* Begin PBXFileReference section */
		FR_133574888244 /* ios-app.app */ = {isa = PBXFileReference; includeInIndex = 0; lastKnownFileType = wrapper.application; path = "ios-app.app"; sourceTree = BUILT_PRODUCTS_DIR; };
		FR_164461626461 /* Stub.swift */ = {isa = PBXFileReference; lastKnownFileType = sourcecode.swift; path = Stub.swift; sourceTree = "<group>"; };
		FR_209587129221 /* AppDelegate.swift */ = {isa = PBXFileReference; lastKnownFileType = sourcecode.swift; path = AppDelegate.swift; sourceTree = "<group>"; };
		FR_215638080565 /* Info.plist */ = {isa = PBXFileReference; lastKnownFileType = text.plist.xml; path = Info.plist; sourceTree = "<group>"; };
		FR_339814870963 /* libios-app-main.a */ = {isa = PBXFileReference; lastKnownFileType = archive.ar; path = "libios-app-main.a"; sourceTree = "<group>"; };
		FR_727585954021 /* ios-app-main.a */ = {isa = PBXFileReference; includeInIndex = 0; lastKnownFileType = archive.ar; path = "ios-app-main.a"; sourceTree = BUILT_PRODUCTS_DIR; };
/* End PBXFileReference section */

/* Begin PBXFrameworksBuildPhase section */
		FBP_13357488824 /* Frameworks */ = {
			isa = PBXFrameworksBuildPhase;
			buildActionMask = 2147483647;
			files = (
				BF_745439098229 /* libios-app-main.a in Frameworks */,
			);
			runOnlyForDeploymentPostprocessing = 0;
		};
/* End PBXFrameworksBuildPhase section */

/* Begin PBXGroup section */
		G_4186524390481 = {
			isa = PBXGroup;
			children = (
				FR_209587129221 /* AppDelegate.swift */,
				FR_215638080565 /* Info.plist */,
				G_6778937577640 /* Tailor.xcodeproj */,
				G_8704390127787 /* Frameworks */,
				G_8609345257264 /* Products */,
			);
			indentWidth = 4;
			sourceTree = "<group>";
			tabWidth = 4;
			usesTabs = 0;
		};
		G_6778937577640 /* Tailor.xcodeproj */ = {
			isa = PBXGroup;
			children = (
				G_7061369345538 /* XCHammerAssets */,
			);
			path = Tailor.xcodeproj;
			sourceTree = "<group>";
		};
		G_7061369345538 /* XCHammerAssets */ = {
			isa = PBXGroup;
			children = (
				FR_164461626461 /* Stub.swift */,
			);
			path = XCHammerAssets;
			sourceTree = "<group>";
		};
		G_8609345257264 /* Products */ = {
			isa = PBXGroup;
			children = (
				FR_727585954021 /* ios-app-main.a */,
				FR_133574888244 /* ios-app.app */,
			);
			name = Products;
			sourceTree = "<group>";
		};
		G_8704390127787 /* Frameworks */ = {
			isa = PBXGroup;
			children = (
				FR_339814870963 /* libios-app-main.a */,
			);
			name = Frameworks;
			sourceTree = "<group>";
		};
/* End PBXGroup section */

/* Begin PBXLegacyTarget section */
		LT_172539793472 /* GeneratedFiles */ = {
			isa = PBXLegacyTarget;
			buildArgumentsString = "-c '[[ \"$(ACTION)\" == \"clean\" ]] && (__PWD__/sample/Tailor/tools/bazelwrapper clean) || (__PWD__/sample/Tailor/Tailor.xcodeproj/XCHammerAssets/retry.sh __PWD__/sample/Tailor/tools/bazelwrapper build --experimental_show_artifacts //Tailor.xcodeproj/XCHammerAssets:-ios-app_entitlements)'";
			buildConfigurationList = CL_172539793472 /* Build configuration list for PBXLegacyTarget "GeneratedFiles" */;
			buildPhases = (
				SBP_17253979347 /* Sources */,
			);
			buildToolPath = /bin/bash;
			buildWorkingDirectory = __PWD__/sample/Tailor;
			dependencies = (
			);
			name = GeneratedFiles;
			passBuildSettingsInEnvironment = 1;
			productName = GeneratedFiles;
		};
		LT_486714375943 /* ResetLLDBInit */ = {
			isa = PBXLegacyTarget;
			buildArgumentsString = "-c 'echo \"settings clear target.source-map\" > ~/.lldbinit-tulsiproj'";
			buildConfigurationList = CL_486714375943 /* Build configuration list for PBXLegacyTarget "ResetLLDBInit" */;
			buildPhases = (
				SBP_48671437594 /* Sources */,
			);
			buildToolPath = /bin/bash;
			buildWorkingDirectory = __PWD__/sample/Tailor;
			dependencies = (
			);
			name = ResetLLDBInit;
			passBuildSettingsInEnvironment = 1;
			productName = ResetLLDBInit;
		};
		LT_870745717790 /* UpdateXcodeProject */ = {
			isa = PBXLegacyTarget;
			buildArgumentsString = "-c __PWD__/sample/Tailor/Tailor.xcodeproj/XCHammerAssets/updateXcodeProj.sh";
			buildConfigurationList = CL_870745717790 /* Build configuration list for PBXLegacyTarget "UpdateXcodeProject" */;
			buildPhases = (
				SBP_87074571779 /* Sources */,
			);
			buildToolPath = /bin/bash;
			buildWorkingDirectory = __PWD__/sample/Tailor;
			dependencies = (
			);
			name = UpdateXcodeProject;
			passBuildSettingsInEnvironment = 1;
			productName = UpdateXcodeProject;
		};
/* End PBXLegacyTarget section */

/* Begin PBXNativeTarget section */
		NT_133574888244 /* ios-app */ = {
			isa = PBXNativeTarget;
			buildConfigurationList = CL_133574888244 /* Build configuration list for PBXNativeTarget "ios-app" */;
			buildPhases = (
				SBP_13357488824 /* Sources */,
				FBP_13357488824 /* Frameworks */,
				SSBP_3050673619 /* Process IPA */,
			);
			buildRules = (
			);
			dependencies = (
			);
			name = "ios-app";
			productName = "ios-app";
			productReference = FR_133574888244 /* ios-app.app */;
			productType = "com.apple.product-type.application";
		};
		NT_727585954021 /* ios-app-main */ = {
			isa = PBXNativeTarget;
			buildConfigurationList = CL_727585954021 /* Build configuration list for PBXNativeTarget "ios-app-main" */;
			buildPhases = (
				SBP_72758595402 /* Sources */,
				SSBP_6049053643 /* Copy Swift Objective-C Interface Header */,
			);
			buildRules = (
			);
			dependencies = (
			);
			name = "ios-app-main";
			productName = "ios-app-main";
			productReference = FR_727585954021 /* ios-app-main.a */;
			productType = "com.apple.product-type.library.static";
		};
/* End PBXNativeTarget section */

/* Begin PBXProject section */
		P_7522770210799 /* Project object */ = {
			isa = PBXProject;
			attributes = {
				LastUpgradeCheck = 0930;
				TargetAttributes = {
					NT_133574888244 = {
						ProvisioningStyle = manual;
					};
					NT_727585954021 = {
						ProvisioningStyle = manual;
					};
				};
			};
			buildConfigurationList = CL_752277021079 /* Build configuration list for PBXProject "Tailor" */;
			compatibilityVersion = "Xcode 3.2";
			developmentRegion = en;
			hasScannedForEncodings = 0;
			knownRegions = (
				en,
			);
			mainGroup = G_4186524390481;
			projectDirPath = "";
			projectRoot = "";
			targets = (
				LT_172539793472 /* GeneratedFiles */,
				LT_486714375943 /* ResetLLDBInit */,
				LT_870745717790 /* UpdateXcodeProject */,
				NT_133574888244 /* ios-app */,
				NT_727585954021 /* ios-app-main */,
			);
		};
/* End PBXProject section */

/* Begin PBXShellScriptBuildPhase section */
		SSBP_3050673619 /* Process IPA */ = {
			isa = PBXShellScriptBuildPhase;
			buildActionMask = 2147483647;
			files = (
			);
			inputPaths = (
			);
			name = "Process IPA";
			outputPaths = (
			);
			runOnlyForDeploymentPostprocessing = 0;
			shellPath = /bin/sh;
			shellScript = "__PWD__/.build/debug/XCHammer process-ipa";
		};
		SSBP_6049053643 /* Copy Swift Objective-C Interface Header */ = {
			isa = PBXShellScriptBuildPhase;
			buildActionMask = 2147483647;
			files = (
			);
			inputPaths = (
				"$(DERIVED_SOURCES_DIR)/$(SWIFT_OBJC_INTERFACE_HEADER_NAME)",
			);
			name = "Copy Swift Objective-C Interface Header";
			outputPaths = (
				"$(BUILT_PRODUCTS_DIR)/include/$(PRODUCT_MODULE_NAME)/$(SWIFT_OBJC_INTERFACE_HEADER_NAME)",
			);
			runOnlyForDeploymentPostprocessing = 0;
			shellPath = /bin/sh;
			shellScript = "ditto \"${SCRIPT_INPUT_FILE_0}\" \"${SCRIPT_OUTPUT_FILE_0}\"\n";
		};
/* End PBXShellScriptBuildPhase section */

/* Begin PBXSourcesBuildPhase section */
		SBP_13357488824 /* Sources */ = {
			isa = PBXSourcesBuildPhase;
			buildActionMask = 2147483647;
			files = (
				BF_312168298619 /* Stub.swift in Sources */,
			);
			runOnlyForDeploymentPostprocessing = 0;
		};
		SBP_17253979347 /* Sources */ = {
			isa = PBXSourcesBuildPhase;
			buildActionMask = 2147483647;
			files = (
			);
			runOnlyForDeploymentPostprocessing = 0;
		};
		SBP_48671437594 /* Sources */ = {
			isa = PBXSourcesBuildPhase;
			buildActionMask = 2147483647;
			files = (
			);
			runOnlyForDeploymentPostprocessing = 0;
		};
		SBP_72758595402 /* Sources */ = {
			isa = PBXSourcesBuildPhase;
			buildActionMask = 2147483647;
			files = (
				BF_433848069429 /* AppDelegate.swift in Sources */,
			);
			runOnlyForDeploymentPostprocessing = 0;
		};
		SBP_87074571779 /* Sources */ = {
			isa = PBXSourcesBuildPhase;
			buildActionMask = 2147483647;
			files = (
			);
			runOnlyForDeploymentPostprocessing = 0;
		};
/* End PBXSourcesBuildPhase section */

/* Begin XCBuildConfiguration section */
		BC_134451679473 /* Release */ = {
			isa = XCBuildConfiguration;
			buildSettings = {
			};
			name = Release;
		};
		BC_140427581068 /* Release */ = {
			isa = XCBuildConfiguration;
			buildSettings = {
			};
			name = Release;
		};
		BC_289861117045 /* Debug */ = {
			isa = XCBuildConfiguration;
			buildSettings = {
			};
			name = Debug;
		};
		BC_373620008642 /* Release */ = {
			isa = XCBuildConfiguration;
			buildSettings = {
			};
			name = Release;
		};
		BC_459765320219 /* Debug */ = {
			isa = XCBuildConfiguration;
			buildSettings = {
			};
			name = Debug;
		};
		BC_474346768168 /* Debug */ = {
			isa = XCBuildConfiguration;
			buildSettings = {
			};
			name = Debug;
		};
		BC_716036668538 /* Debug */ = {
			isa = XCBuildConfiguration;
			buildSettings = {
				ASSETCATALOG_COMPILER_APPICON_NAME = "";
				CLANG_ENABLE_OBJC_ARC = YES;
				CODE_SIGNING_REQUIRED = NO;
				"CODE_SIGN_IDENTITY[sdk=iphoneos*]" = "";
				CODE_SIGN_STYLE = manual;
				ENABLE_BITCODE = NO;
				ENABLE_TESTABILITY = YES;
				FRAMEWORK_SEARCH_PATHS = (
					"$(inherited) $(PLATFORM_DIR)/Developer/Library/Frameworks",
					"\".\"",
				);
				HEADER_SEARCH_PATHS = external;
				INFOPLIST_FILE = "$(SRCROOT)/Info.plist";
				IPHONEOS_DEPLOYMENT_TARGET = 12.0;
				LIBRARY_SEARCH_PATHS = "";
				ONLY_ACTIVE_ARCH = YES;
				OTHER_CFLAGS = "-D_FORTIFY_SOURCE=1 -D_FORTIFY_SOURCE=1";
				OTHER_LDFLAGS = "-ObjC";
				"OTHER_LDFLAGS[sdk=iphonesimulator*]" = "-ObjC -sectcreate __TEXT __entitlements $(SRCROOT)/bazel-genfiles/Tailor.xcodeproj/XCHammerAssets/-ios-app_entitlements.entitlements";
				OTHER_SWIFT_FLAGS = "";
				PRODUCT_BUNDLE_IDENTIFIER = com.Sample;
				PRODUCT_NAME = "ios-app";
				SDKROOT = iphoneos;
				SWIFT_VERSION = 4.2.0;
				TARGETED_DEVICE_FAMILY = "1,2";
				TULSI_WR = $SOURCE_ROOT;
				USE_HEADERMAP = NO;
			};
			name = Debug;
		};
		BC_752250485532 /* Release */ = {
			isa = XCBuildConfiguration;
			buildSettings = {
				ASSETCATALOG_COMPILER_APPICON_NAME = "";
				CLANG_ENABLE_OBJC_ARC = YES;
				CODE_SIGNING_REQUIRED = NO;
				"CODE_SIGN_IDENTITY[sdk=iphoneos*]" = "";
				CODE_SIGN_STYLE = manual;
				ENABLE_BITCODE = NO;
				ENABLE_TESTABILITY = YES;
				FRAMEWORK_SEARCH_PATHS = (
					"$(inherited) $(PLATFORM_DIR)/Developer/Library/Frameworks",
					"\".\"",
				);
				HEADER_SEARCH_PATHS = external;
				INFOPLIST_FILE = "$(SRCROOT)/Info.plist";
				IPHONEOS_DEPLOYMENT_TARGET = 12.0;
				LIBRARY_SEARCH_PATHS = "";
				ONLY_ACTIVE_ARCH = YES;
				OTHER_CFLAGS = "-D_FORTIFY_SOURCE=1 -D_FORTIFY_SOURCE=1";
				OTHER_LDFLAGS = "-ObjC";
				"OTHER_LDFLAGS[sdk=iphonesimulator*]" = "-ObjC -sectcreate __TEXT __entitlements $(SRCROOT)/bazel-genfiles/Tailor.xcodeproj/XCHammerAssets/-ios-app_entitlements.entitlements";
				OTHER_SWIFT_FLAGS = "";
				PRODUCT_BUNDLE_IDENTIFIER = com.Sample;
				PRODUCT_NAME = "ios-app";
				SDKROOT = iphoneos;
				SWIFT_VERSION = 4.2.0;
				TARGETED_DEVICE_FAMILY = "1,2";
				TULSI_WR = $SOURCE_ROOT;
				USE_HEADERMAP = NO;
			};
			name = Release;
		};
		BC_760053511008 /* Release */ = {
			isa = XCBuildConfiguration;
			buildSettings = {
				ASSETCATALOG_COMPILER_APPICON_NAME = "";
				CLANG_ENABLE_OBJC_ARC = YES;
				CODE_SIGNING_REQUIRED = NO;
				"CODE_SIGN_IDENTITY[sdk=iphoneos*]" = "";
				CODE_SIGN_STYLE = manual;
				ENABLE_BITCODE = NO;
				ENABLE_TESTABILITY = YES;
				FRAMEWORK_SEARCH_PATHS = "$(inherited) $(PLATFORM_DIR)/Developer/Library/Frameworks";
				HEADER_SEARCH_PATHS = external;
				IPHONEOS_DEPLOYMENT_TARGET = 12.0;
				LIBRARY_SEARCH_PATHS = "";
				ONLY_ACTIVE_ARCH = YES;
				OTHER_CFLAGS = "-D_FORTIFY_SOURCE=1 -D_FORTIFY_SOURCE=1";
				OTHER_SWIFT_FLAGS = "";
				PRODUCT_NAME = "ios-app-main";
				SDKROOT = iphoneos;
				SWIFT_VERSION = 4.2.0;
				TARGETED_DEVICE_FAMILY = "1,2";
				TULSI_WR = $SOURCE_ROOT;
				USE_HEADERMAP = NO;
			};
			name = Release;
		};
		BC_761234494463 /* Release */ = {
			isa = XCBuildConfiguration;
			buildSettings = {
			};
			name = Release;
		};
		BC_766078007465 /* Debug */ = {
			isa = XCBuildConfiguration;
			buildSettings = {
				ASSETCATALOG_COMPILER_APPICON_NAME = "";
				CLANG_ENABLE_OBJC_ARC = YES;
				CODE_SIGNING_REQUIRED = NO;
				"CODE_SIGN_IDENTITY[sdk=iphoneos*]" = "";
				CODE_SIGN_STYLE = manual;
				ENABLE_BITCODE = NO;
				ENABLE_TESTABILITY = YES;
				FRAMEWORK_SEARCH_PATHS = "$(inherited) $(PLATFORM_DIR)/Developer/Library/Frameworks";
				HEADER_SEARCH_PATHS = external;
				IPHONEOS_DEPLOYMENT_TARGET = 12.0;
				LIBRARY_SEARCH_PATHS = "";
				ONLY_ACTIVE_ARCH = YES;
				OTHER_CFLAGS = "-D_FORTIFY_SOURCE=1 -D_FORTIFY_SOURCE=1";
				OTHER_SWIFT_FLAGS = "";
				PRODUCT_NAME = "ios-app-main";
				SDKROOT = iphoneos;
				SWIFT_VERSION = 4.2.0;
				TARGETED_DEVICE_FAMILY = "1,2";
				TULSI_WR = $SOURCE_ROOT;
				USE_HEADERMAP = NO;
			};
			name = Debug;
		};
		BC_918712838758 /* Debug */ = {
			isa = XCBuildConfiguration;
			buildSettings = {
				
			};
			name = Debug;
		};
/* End XCBuildConfiguration section */

/* Begin XCConfigurationList section */
		CL_133574888244 /* Build configuration list for PBXNativeTarget "ios-app" */ = {
			isa = XCConfigurationList;
			buildConfigurations = (
				BC_716036668538 /* Debug */,
				BC_752250485532 /* Release */,
			);
			defaultConfigurationIsVisible = 0;
			defaultConfigurationName = "";
		};
		CL_172539793472 /* Build configuration list for PBXLegacyTarget "GeneratedFiles" */ = {
			isa = XCConfigurationList;
			buildConfigurations = (
				BC_474346768168 /* Debug */,
				BC_134451679473 /* Release */,
			);
			defaultConfigurationIsVisible = 0;
			defaultConfigurationName = "";
		};
		CL_486714375943 /* Build configuration list for PBXLegacyTarget "ResetLLDBInit" */ = {
			isa = XCConfigurationList;
			buildConfigurations = (
				BC_289861117045 /* Debug */,
				BC_140427581068 /* Release */,
			);
			defaultConfigurationIsVisible = 0;
			defaultConfigurationName = "";
		};
		CL_727585954021 /* Build configuration list for PBXNativeTarget "ios-app-main" */ = {
			isa = XCConfigurationList;
			buildConfigurations = (
				BC_766078007465 /* Debug */,
				BC_760053511008 /* Release */,
			);
			defaultConfigurationIsVisible = 0;
			defaultConfigurationName = "";
		};
		CL_752277021079 /* Build configuration list for PBXProject "Tailor" */ = {
			isa = XCConfigurationList;
			buildConfigurations = (
				BC_918712838758 /* Debug */,
				BC_373620008642 /* Release */,
			);
			defaultConfigurationIsVisible = 0;
			defaultConfigurationName = Debug;
		};
		CL_870745717790 /* Build configuration list for PBXLegacyTarget "UpdateXcodeProject" */ = {
			isa = XCConfigurationList;
			buildConfigurations = (
				BC_459765320219 /* Debug */,
				BC_761234494463 /* Release */,
			);
			defaultConfigurationIsVisible = 0;
			defaultConfigurationName = "";
		};
/* End XCConfigurationList section */
	};
	rootObject = P_7522770210799 /* Project object */;
}
