// !$*UTF8*$!
{
	archiveVersion = 1;
	classes = {
	};
	objectVersion = 46;
	objects = {

/* Begin PBXBuildFile section */
		BF_126952534939 /* AppDelegate.m in Sources */ = {isa = PBXBuildFile; fileRef = FR_408828598481 /* AppDelegate.m */; };
		BF_152068055799 /* libiOSSnapshotTestCase-Core.a in Frameworks */ = {isa = PBXBuildFile; fileRef = FR_889971147432 /* libiOSSnapshotTestCase-Core.a */; };
		BF_221045536046 = {isa = PBXBuildFile; fileRef = FR_522766133491 /* ios-app-main.a */; };
		BF_455942971315 = {isa = PBXBuildFile; fileRef = FR_326755382182 /* ios-app-Bazel.app */; };
		BF_458700137986 = {isa = PBXBuildFile; fileRef = FR_878559585834 /* ios-app.app */; };
		BF_496214899859 /* Tests.m in Sources */ = {isa = PBXBuildFile; fileRef = FR_899990382606 /* Tests.m */; };
		BF_526977936241 = {isa = PBXBuildFile; fileRef = FR_396434231687 /* UnitTests.xctest */; };
		BF_553451473888 /* Stub.m in Sources */ = {isa = PBXBuildFile; fileRef = FR_846437024042 /* Stub.m */; settings = {COMPILER_FLAGS = "-x objective-c -std=gnu99"; }; };
		BF_712853203816 /* libios-app-main.a in Frameworks */ = {isa = PBXBuildFile; fileRef = FR_489979286293 /* libios-app-main.a */; };
		BF_862876833720 /* main.m in Sources */ = {isa = PBXBuildFile; fileRef = FR_668688117890 /* main.m */; };
		BF_919227748211 /* Tests2.m in Sources */ = {isa = PBXBuildFile; fileRef = FR_549335309428 /* Tests2.m */; };
/* End PBXBuildFile section */

/* Begin PBXFileReference section */
		FR_326755382182 /* ios-app-Bazel.app */ = {isa = PBXFileReference; includeInIndex = 0; lastKnownFileType = wrapper.application; path = "ios-app-Bazel.app"; sourceTree = BUILT_PRODUCTS_DIR; };
		FR_396434231687 /* UnitTests.xctest */ = {isa = PBXFileReference; includeInIndex = 0; lastKnownFileType = wrapper.cfbundle; path = UnitTests.xctest; sourceTree = BUILT_PRODUCTS_DIR; };
		FR_408828598481 /* AppDelegate.m */ = {isa = PBXFileReference; lastKnownFileType = sourcecode.c.objc; path = AppDelegate.m; sourceTree = "<group>"; };
		FR_489979286293 /* libios-app-main.a */ = {isa = PBXFileReference; lastKnownFileType = archive.ar; path = "libios-app-main.a"; sourceTree = "<group>"; };
		FR_522766133491 /* ios-app-main.a */ = {isa = PBXFileReference; includeInIndex = 0; lastKnownFileType = archive.ar; path = "ios-app-main.a"; sourceTree = BUILT_PRODUCTS_DIR; };
		FR_549335309428 /* Tests2.m */ = {isa = PBXFileReference; lastKnownFileType = sourcecode.c.objc; path = Tests2.m; sourceTree = "<group>"; };
		FR_668688117890 /* main.m */ = {isa = PBXFileReference; lastKnownFileType = sourcecode.c.objc; path = main.m; sourceTree = "<group>"; };
		FR_681878669379 /* AppDelegate.h */ = {isa = PBXFileReference; lastKnownFileType = sourcecode.c.h; path = AppDelegate.h; sourceTree = "<group>"; };
		FR_784317858093 /* Info.plist */ = {isa = PBXFileReference; lastKnownFileType = text.plist.xml; path = Info.plist; sourceTree = "<group>"; };
		FR_846437024042 /* Stub.m */ = {isa = PBXFileReference; lastKnownFileType = sourcecode.c.objc; path = Stub.m; sourceTree = "<group>"; };
		FR_878559585834 /* ios-app.app */ = {isa = PBXFileReference; includeInIndex = 0; lastKnownFileType = wrapper.application; path = "ios-app.app"; sourceTree = BUILT_PRODUCTS_DIR; };
		FR_889971147432 /* libiOSSnapshotTestCase-Core.a */ = {isa = PBXFileReference; lastKnownFileType = archive.ar; path = "libiOSSnapshotTestCase-Core.a"; sourceTree = "<group>"; };
		FR_899990382606 /* Tests.m */ = {isa = PBXFileReference; lastKnownFileType = sourcecode.c.objc; path = Tests.m; sourceTree = "<group>"; };
/* End PBXFileReference section */

/* Begin PBXFrameworksBuildPhase section */
		FBP_39643423168 /* Frameworks */ = {
			isa = PBXFrameworksBuildPhase;
			buildActionMask = 2147483647;
			files = (
				BF_152068055799 /* libiOSSnapshotTestCase-Core.a in Frameworks */,
			);
			runOnlyForDeploymentPostprocessing = 0;
		};
		FBP_87855958583 /* Frameworks */ = {
			isa = PBXFrameworksBuildPhase;
			buildActionMask = 2147483647;
			files = (
				BF_712853203816 /* libios-app-main.a in Frameworks */,
			);
			runOnlyForDeploymentPostprocessing = 0;
		};
/* End PBXFrameworksBuildPhase section */

/* Begin PBXGroup section */
		G_1286414327561 /* Products */ = {
			isa = PBXGroup;
			children = (
				FR_326755382182 /* ios-app-Bazel.app */,
				FR_522766133491 /* ios-app-main.a */,
				FR_878559585834 /* ios-app.app */,
				FR_396434231687 /* UnitTests.xctest */,
			);
			name = Products;
			sourceTree = "<group>";
		};
		G_1647083107933 /* XCHammerAssets */ = {
			isa = PBXGroup;
			children = (
				FR_846437024042 /* Stub.m */,
			);
			path = XCHammerAssets;
			sourceTree = "<group>";
		};
		G_3911002726085 /* Frameworks */ = {
			isa = PBXGroup;
			children = (
				FR_489979286293 /* libios-app-main.a */,
				FR_889971147432 /* libiOSSnapshotTestCase-Core.a */,
			);
			name = Frameworks;
			sourceTree = "<group>";
		};
		G_4723145104206 /* SnapshotMe.xcodeproj */ = {
			isa = PBXGroup;
			children = (
				G_1647083107933 /* XCHammerAssets */,
			);
			path = SnapshotMe.xcodeproj;
			sourceTree = "<group>";
		};
		G_4974131368836 = {
			isa = PBXGroup;
			children = (
				G_8785595858347 /* ios-app */,
				G_4723145104206 /* SnapshotMe.xcodeproj */,
				G_3911002726085 /* Frameworks */,
				G_1286414327561 /* Products */,
			);
			indentWidth = 4;
			sourceTree = "<group>";
			tabWidth = 4;
			usesTabs = 0;
		};
		G_7404621091787 /* UnitTests */ = {
			isa = PBXGroup;
			children = (
				FR_899990382606 /* Tests.m */,
				FR_549335309428 /* Tests2.m */,
			);
			path = UnitTests;
			sourceTree = "<group>";
		};
		G_8785595858347 /* ios-app */ = {
			isa = PBXGroup;
			children = (
				FR_681878669379 /* AppDelegate.h */,
				FR_408828598481 /* AppDelegate.m */,
				FR_784317858093 /* Info.plist */,
				FR_668688117890 /* main.m */,
				G_7404621091787 /* UnitTests */,
			);
			path = "ios-app";
			sourceTree = "<group>";
		};
/* End PBXGroup section */

/* Begin PBXLegacyTarget section */
		LT_318624717384 /* GeneratedFiles */ = {
			isa = PBXLegacyTarget;
			buildArgumentsString = "-c '[[ \"$(ACTION)\" == \"clean\" ]] && (__PWD__/sample/SnapshotMe/tools/bazelwrapper clean) || (__PWD__/sample/SnapshotMe/SnapshotMe.xcodeproj/XCHammerAssets/retry.sh __PWD__/sample/SnapshotMe/tools/bazelwrapper build --experimental_show_artifacts //Vendor/iOSSnapshotTestCase:Core_includes //SnapshotMe.xcodeproj/XCHammerAssets:ios-app-ios-app_entitlements)'";
			buildConfigurationList = CL_318624717384 /* Build configuration list for PBXLegacyTarget "GeneratedFiles" */;
			buildPhases = (
				SBP_31862471738 /* Sources */,
			);
			buildToolPath = /bin/bash;
			buildWorkingDirectory = "__PWD__/sample/SnapshotMe";
			dependencies = (
			);
			name = GeneratedFiles;
			passBuildSettingsInEnvironment = 1;
			productName = GeneratedFiles;
		};
		LT_398865056014 /* ResetLLDBInit */ = {
			isa = PBXLegacyTarget;
			buildArgumentsString = "-c 'echo \"settings clear target.source-map\" > ~/.lldbinit-tulsiproj'";
			buildConfigurationList = CL_398865056014 /* Build configuration list for PBXLegacyTarget "ResetLLDBInit" */;
			buildPhases = (
				SBP_39886505601 /* Sources */,
			);
			buildToolPath = /bin/bash;
			buildWorkingDirectory = "__PWD__/sample/SnapshotMe";
			dependencies = (
			);
			name = ResetLLDBInit;
			passBuildSettingsInEnvironment = 1;
			productName = ResetLLDBInit;
		};
		LT_776868564126 /* UpdateXcodeProject */ = {
			isa = PBXLegacyTarget;
			buildArgumentsString = "-c __PWD__/sample/SnapshotMe/SnapshotMe.xcodeproj/XCHammerAssets/updateXcodeProj.sh";
			buildConfigurationList = CL_776868564126 /* Build configuration list for PBXLegacyTarget "UpdateXcodeProject" */;
			buildPhases = (
				SBP_77686856412 /* Sources */,
			);
			buildToolPath = /bin/bash;
			buildWorkingDirectory = "__PWD__/sample/SnapshotMe";
			dependencies = (
			);
			name = UpdateXcodeProject;
			passBuildSettingsInEnvironment = 1;
			productName = UpdateXcodeProject;
		};
/* End PBXLegacyTarget section */

/* Begin PBXNativeTarget section */
		NT_326755382182 /* ios-app-Bazel */ = {
			isa = PBXNativeTarget;
			buildConfigurationList = CL_326755382182 /* Build configuration list for PBXNativeTarget "ios-app-Bazel" */;
			buildPhases = (
				SSBP_1329315528 /* Bazel build */,
				SBP_32675538218 /* Sources */,
			);
			buildRules = (
			);
			dependencies = (
			);
			name = "ios-app-Bazel";
			productName = "ios-app-Bazel";
			productReference = FR_326755382182 /* ios-app-Bazel.app */;
			productType = "com.apple.product-type.application";
		};
		NT_396434231687 /* UnitTests */ = {
			isa = PBXNativeTarget;
			buildConfigurationList = CL_396434231687 /* Build configuration list for PBXNativeTarget "UnitTests" */;
			buildPhases = (
				SBP_39643423168 /* Sources */,
				FBP_39643423168 /* Frameworks */,
			);
			buildRules = (
			);
			dependencies = (
			);
			name = UnitTests;
			productName = UnitTests;
			productReference = FR_396434231687 /* UnitTests.xctest */;
			productType = "com.apple.product-type.bundle.unit-test";
		};
		NT_522766133491 /* ios-app-main */ = {
			isa = PBXNativeTarget;
			buildConfigurationList = CL_522766133491 /* Build configuration list for PBXNativeTarget "ios-app-main" */;
			buildPhases = (
				SBP_52276613349 /* Sources */,
			);
			buildRules = (
			);
			dependencies = (
			);
			name = "ios-app-main";
			productName = "ios-app-main";
			productReference = FR_522766133491 /* ios-app-main.a */;
			productType = "com.apple.product-type.library.static";
		};
		NT_878559585834 /* ios-app */ = {
			isa = PBXNativeTarget;
			buildConfigurationList = CL_878559585834 /* Build configuration list for PBXNativeTarget "ios-app" */;
			buildPhases = (
				SBP_87855958583 /* Sources */,
				FBP_87855958583 /* Frameworks */,
				SSBP_2270029210 /* Process IPA */,
			);
			buildRules = (
			);
			dependencies = (
			);
			name = "ios-app";
			productName = "ios-app";
			productReference = FR_878559585834 /* ios-app.app */;
			productType = "com.apple.product-type.application";
		};
/* End PBXNativeTarget section */

/* Begin PBXProject section */
		P_4105053782079 /* Project object */ = {
			isa = PBXProject;
			attributes = {
				LastUpgradeCheck = 0930;
				TargetAttributes = {
					NT_326755382182 = {
						ProvisioningStyle = manual;
					};
					NT_396434231687 = {
						ProvisioningStyle = manual;
					};
					NT_522766133491 = {
						ProvisioningStyle = manual;
					};
					NT_878559585834 = {
						ProvisioningStyle = manual;
					};
				};
			};
			buildConfigurationList = CL_410505378207 /* Build configuration list for PBXProject "SnapshotMe" */;
			compatibilityVersion = "Xcode 3.2";
			developmentRegion = en;
			hasScannedForEncodings = 0;
			knownRegions = (
				en,
			);
			mainGroup = G_4974131368836;
			projectDirPath = "";
			projectRoot = "";
			targets = (
				LT_318624717384 /* GeneratedFiles */,
				LT_398865056014 /* ResetLLDBInit */,
				NT_396434231687 /* UnitTests */,
				LT_776868564126 /* UpdateXcodeProject */,
				NT_878559585834 /* ios-app */,
				NT_326755382182 /* ios-app-Bazel */,
				NT_522766133491 /* ios-app-main */,
			);
		};
/* End PBXProject section */

/* Begin PBXShellScriptBuildPhase section */
		SSBP_1329315528 /* Bazel build */ = {
			isa = PBXShellScriptBuildPhase;
			buildActionMask = 2147483647;
			files = (
			);
			inputPaths = (
			);
			name = "Bazel build";
			outputPaths = (
			);
			runOnlyForDeploymentPostprocessing = 0;
			shellPath = /bin/sh;
			shellScript = "export TULSI_USE_HAMMER_DEBUG_CONFIG=YES\n__PWD__/.build/debug/bazel_build.py //ios-app:ios-app --bazel __PWD__/sample/SnapshotMe/tools/bazelwrapper";
		};
		SSBP_2270029210 /* Process IPA */ = {
			isa = PBXShellScriptBuildPhase;
			buildActionMask = 2147483647;
			files = (
			);
			inputPaths = (
			);
			name = "Process IPA";
			outputPaths = (
			);
			runOnlyForDeploymentPostprocessing = 0;
			shellPath = /bin/sh;
			shellScript = "__PWD__/.build/debug/XCHammer process-ipa";
		};
/* End PBXShellScriptBuildPhase section */

/* Begin PBXSourcesBuildPhase section */
		SBP_31862471738 /* Sources */ = {
			isa = PBXSourcesBuildPhase;
			buildActionMask = 2147483647;
			files = (
			);
			runOnlyForDeploymentPostprocessing = 0;
		};
		SBP_32675538218 /* Sources */ = {
			isa = PBXSourcesBuildPhase;
			buildActionMask = 2147483647;
			files = (
			);
			runOnlyForDeploymentPostprocessing = 0;
		};
		SBP_39643423168 /* Sources */ = {
			isa = PBXSourcesBuildPhase;
			buildActionMask = 2147483647;
			files = (
				BF_496214899859 /* Tests.m in Sources */,
				BF_919227748211 /* Tests2.m in Sources */,
			);
			runOnlyForDeploymentPostprocessing = 0;
		};
		SBP_39886505601 /* Sources */ = {
			isa = PBXSourcesBuildPhase;
			buildActionMask = 2147483647;
			files = (
			);
			runOnlyForDeploymentPostprocessing = 0;
		};
		SBP_52276613349 /* Sources */ = {
			isa = PBXSourcesBuildPhase;
			buildActionMask = 2147483647;
			files = (
				BF_126952534939 /* AppDelegate.m in Sources */,
				BF_862876833720 /* main.m in Sources */,
			);
			runOnlyForDeploymentPostprocessing = 0;
		};
		SBP_77686856412 /* Sources */ = {
			isa = PBXSourcesBuildPhase;
			buildActionMask = 2147483647;
			files = (
			);
			runOnlyForDeploymentPostprocessing = 0;
		};
		SBP_87855958583 /* Sources */ = {
			isa = PBXSourcesBuildPhase;
			buildActionMask = 2147483647;
			files = (
				BF_553451473888 /* Stub.m in Sources */,
			);
			runOnlyForDeploymentPostprocessing = 0;
		};
/* End PBXSourcesBuildPhase section */

/* Begin XCBuildConfiguration section */
		BC_198909022709 /* Release */ = {
			isa = XCBuildConfiguration;
			buildSettings = {
			};
			name = Release;
		};
		BC_343698588936 /* Debug */ = {
			isa = XCBuildConfiguration;
			buildSettings = {
				ASSETCATALOG_COMPILER_APPICON_NAME = "";
				CLANG_ENABLE_MODULES = NO;
				CLANG_ENABLE_OBJC_ARC = YES;
				CODE_SIGNING_REQUIRED = NO;
				"CODE_SIGN_IDENTITY[sdk=iphoneos*]" = "";
				CODE_SIGN_STYLE = manual;
				ENABLE_BITCODE = NO;
				ENABLE_TESTABILITY = YES;
				FRAMEWORK_SEARCH_PATHS = (
					"$(inherited) $(PLATFORM_DIR)/Developer/Library/Frameworks",
					"\".\"",
				);
				HAMMER_DIAGNOSTIC_FLAGS = "";
				HEADER_SEARCH_PATHS = "$(inherited) $(SRCROOT)/Vendor/iOSSnapshotTestCase/pod_support/Headers/Public external";
				IPHONEOS_DEPLOYMENT_TARGET = 9.0;
				LIBRARY_SEARCH_PATHS = "";
				ONLY_ACTIVE_ARCH = YES;
				OTHER_CFLAGS = "-D_FORTIFY_SOURCE=1 -D_FORTIFY_SOURCE=1 -D_FORTIFY_SOURCE=1 -D_FORTIFY_SOURCE=1";
				OTHER_LDFLAGS = "-ObjC -framework XCTest -framework CoreGraphics -framework UIKit -framework Foundation -framework QuartzCore";
				"OTHER_LDFLAGS[sdk=iphonesimulator*]" = "-ObjC -framework XCTest -framework CoreGraphics -framework UIKit -framework Foundation -framework QuartzCore";
				OTHER_SWIFT_FLAGS = "";
				PRODUCT_BUNDLE_IDENTIFIER = com.bazelbuild.rulesapple.Tests;
				PRODUCT_NAME = UnitTests;
				SDKROOT = iphoneos;
				TARGETED_DEVICE_FAMILY = "1,2";
				TULSI_WR = $SOURCE_ROOT;
				USE_HEADERMAP = NO;
			};
			name = Debug;
		};
		BC_355763252126 /* Debug */ = {
			isa = XCBuildConfiguration;
			buildSettings = {
			};
			name = Debug;
		};
		BC_429091570319 /* Release */ = {
			isa = XCBuildConfiguration;
			buildSettings = {
				ASSETCATALOG_COMPILER_APPICON_NAME = "";
				CLANG_ENABLE_MODULES = NO;
				CLANG_ENABLE_OBJC_ARC = YES;
				CODE_SIGNING_REQUIRED = NO;
				"CODE_SIGN_IDENTITY[sdk=iphoneos*]" = "";
				CODE_SIGN_STYLE = manual;
				ENABLE_BITCODE = NO;
				ENABLE_TESTABILITY = YES;
				FRAMEWORK_SEARCH_PATHS = "$(inherited) $(PLATFORM_DIR)/Developer/Library/Frameworks";
				HAMMER_DIAGNOSTIC_FLAGS = "";
				HEADER_SEARCH_PATHS = external;
				IPHONEOS_DEPLOYMENT_TARGET = 12.0;
				LIBRARY_SEARCH_PATHS = "";
				ONLY_ACTIVE_ARCH = YES;
				OTHER_CFLAGS = "-D_FORTIFY_SOURCE=1 -D_FORTIFY_SOURCE=1";
				OTHER_LDFLAGS = "-framework CoreGraphics -framework UIKit";
				"OTHER_LDFLAGS[sdk=iphonesimulator*]" = "-framework CoreGraphics -framework UIKit";
				OTHER_SWIFT_FLAGS = "";
				PRODUCT_NAME = "ios-app-main";
				SDKROOT = iphoneos;
				TARGETED_DEVICE_FAMILY = "1,2";
				TULSI_WR = $SOURCE_ROOT;
				USE_HEADERMAP = NO;
			};
			name = Release;
		};
		BC_445253313198 /* Release */ = {
			isa = XCBuildConfiguration;
			buildSettings = {
				ASSETCATALOG_COMPILER_APPICON_NAME = "";
				CLANG_ENABLE_OBJC_ARC = YES;
				CODE_SIGNING_REQUIRED = NO;
				"CODE_SIGN_IDENTITY[sdk=iphoneos*]" = "";
				CODE_SIGN_STYLE = manual;
				ENABLE_BITCODE = NO;
				ENABLE_TESTABILITY = YES;
				FRAMEWORK_SEARCH_PATHS = (
					"$(inherited) $(PLATFORM_DIR)/Developer/Library/Frameworks",
					"\".\"",
				);
				HAMMER_DIAGNOSTIC_FLAGS = "";
				HEADER_SEARCH_PATHS = external;
				INFOPLIST_FILE = "$(SRCROOT)/ios-app/Info.plist";
				IPHONEOS_DEPLOYMENT_TARGET = 12.0;
				LIBRARY_SEARCH_PATHS = "";
				ONLY_ACTIVE_ARCH = YES;
				OTHER_CFLAGS = "-D_FORTIFY_SOURCE=1 -D_FORTIFY_SOURCE=1";
				OTHER_LDFLAGS = "-ObjC -framework CoreGraphics -framework UIKit";
				"OTHER_LDFLAGS[sdk=iphonesimulator*]" = "-ObjC -framework CoreGraphics -framework UIKit -sectcreate __TEXT __entitlements $(SRCROOT)/bazel-genfiles/SnapshotMe.xcodeproj/XCHammerAssets/ios-app-ios-app_entitlements.entitlements";
				OTHER_SWIFT_FLAGS = "";
				PRODUCT_BUNDLE_IDENTIFIER = com.sample.snapshotme;
				PRODUCT_NAME = "ios-app";
				SDKROOT = iphoneos;
				TARGETED_DEVICE_FAMILY = "1,2";
				TULSI_WR = $SOURCE_ROOT;
				USE_HEADERMAP = NO;
			};
			name = Release;
		};
		BC_481247018519 /* Debug */ = {
			isa = XCBuildConfiguration;
			buildSettings = {
			};
			name = Debug;
		};
		BC_513200306347 /* Release */ = {
			isa = XCBuildConfiguration;
			buildSettings = {
				ASSETCATALOG_COMPILER_APPICON_NAME = "";
				CLANG_ENABLE_MODULES = NO;
				CLANG_ENABLE_OBJC_ARC = YES;
				CODE_SIGNING_REQUIRED = NO;
				"CODE_SIGN_IDENTITY[sdk=iphoneos*]" = "";
				CODE_SIGN_STYLE = manual;
				ENABLE_BITCODE = NO;
				ENABLE_TESTABILITY = YES;
				FRAMEWORK_SEARCH_PATHS = (
					"$(inherited) $(PLATFORM_DIR)/Developer/Library/Frameworks",
					"\".\"",
				);
				HAMMER_DIAGNOSTIC_FLAGS = "";
				HEADER_SEARCH_PATHS = "$(inherited) $(SRCROOT)/Vendor/iOSSnapshotTestCase/pod_support/Headers/Public external";
				IPHONEOS_DEPLOYMENT_TARGET = 9.0;
				LIBRARY_SEARCH_PATHS = "";
				ONLY_ACTIVE_ARCH = YES;
				OTHER_CFLAGS = "-D_FORTIFY_SOURCE=1 -D_FORTIFY_SOURCE=1 -D_FORTIFY_SOURCE=1 -D_FORTIFY_SOURCE=1";
				OTHER_LDFLAGS = "-ObjC -framework XCTest -framework CoreGraphics -framework UIKit -framework Foundation -framework QuartzCore";
				"OTHER_LDFLAGS[sdk=iphonesimulator*]" = "-ObjC -framework XCTest -framework CoreGraphics -framework UIKit -framework Foundation -framework QuartzCore";
				OTHER_SWIFT_FLAGS = "";
				PRODUCT_BUNDLE_IDENTIFIER = com.bazelbuild.rulesapple.Tests;
				PRODUCT_NAME = UnitTests;
				SDKROOT = iphoneos;
				TARGETED_DEVICE_FAMILY = "1,2";
				TULSI_WR = $SOURCE_ROOT;
				USE_HEADERMAP = NO;
			};
			name = Release;
		};
		BC_529676794877 /* Debug */ = {
			isa = XCBuildConfiguration;
			buildSettings = {
				CODE_SIGNING_REQUIRED = NO;
				"CODE_SIGN_IDENTITY[sdk=iphoneos*]" = "";
				CODE_SIGN_STYLE = manual;
				ENABLE_BITCODE = NO;
				FRAMEWORK_SEARCH_PATHS = "";
				HAMMER_DIAGNOSTIC_FLAGS = "";
				HEADER_SEARCH_PATHS = "";
				IPHONEOS_DEPLOYMENT_TARGET = 12.0;
				LIBRARY_SEARCH_PATHS = "";
				OTHER_CFLAGS = "";
				OTHER_SWIFT_FLAGS = "";
				PRODUCT_NAME = "$(TARGET_NAME)";
				PYTHONPATH = "${PYTHONPATH}:$(PROJECT_FILE_PATH)/XCHammerAssets";
				SDKROOT = iphoneos;
				TARGETED_DEVICE_FAMILY = "1,2";
				TULSI_WR = $SOURCE_ROOT;
				USE_HEADERMAP = NO;
			};
			name = Debug;
		};
		BC_535941998172 /* Debug */ = {
			isa = XCBuildConfiguration;
			buildSettings = {
				
			};
			name = Debug;
		};
		BC_577605069899 /* Release */ = {
			isa = XCBuildConfiguration;
			buildSettings = {
			};
			name = Release;
		};
		BC_693898882498 /* Release */ = {
			isa = XCBuildConfiguration;
			buildSettings = {
			};
			name = Release;
		};
		BC_717280443486 /* Release */ = {
			isa = XCBuildConfiguration;
			buildSettings = {
			};
			name = Release;
		};
		BC_767914582431 /* Debug */ = {
			isa = XCBuildConfiguration;
			buildSettings = {
				ASSETCATALOG_COMPILER_APPICON_NAME = "";
				CLANG_ENABLE_OBJC_ARC = YES;
				CODE_SIGNING_REQUIRED = NO;
				"CODE_SIGN_IDENTITY[sdk=iphoneos*]" = "";
				CODE_SIGN_STYLE = manual;
				ENABLE_BITCODE = NO;
				ENABLE_TESTABILITY = YES;
				FRAMEWORK_SEARCH_PATHS = (
					"$(inherited) $(PLATFORM_DIR)/Developer/Library/Frameworks",
					"\".\"",
				);
				HAMMER_DIAGNOSTIC_FLAGS = "";
				HEADER_SEARCH_PATHS = external;
				INFOPLIST_FILE = "$(SRCROOT)/ios-app/Info.plist";
				IPHONEOS_DEPLOYMENT_TARGET = 12.0;
				LIBRARY_SEARCH_PATHS = "";
				ONLY_ACTIVE_ARCH = YES;
				OTHER_CFLAGS = "-D_FORTIFY_SOURCE=1 -D_FORTIFY_SOURCE=1";
				OTHER_LDFLAGS = "-ObjC -framework CoreGraphics -framework UIKit";
				"OTHER_LDFLAGS[sdk=iphonesimulator*]" = "-ObjC -framework CoreGraphics -framework UIKit -sectcreate __TEXT __entitlements $(SRCROOT)/bazel-genfiles/SnapshotMe.xcodeproj/XCHammerAssets/ios-app-ios-app_entitlements.entitlements";
				OTHER_SWIFT_FLAGS = "";
				PRODUCT_BUNDLE_IDENTIFIER = com.sample.snapshotme;
				PRODUCT_NAME = "ios-app";
				SDKROOT = iphoneos;
				TARGETED_DEVICE_FAMILY = "1,2";
				TULSI_WR = $SOURCE_ROOT;
				USE_HEADERMAP = NO;
			};
			name = Debug;
		};
		BC_825603852867 /* Debug */ = {
			isa = XCBuildConfiguration;
			buildSettings = {
			};
			name = Debug;
		};
		BC_860201645026 /* Release */ = {
			isa = XCBuildConfiguration;
			buildSettings = {
				CODE_SIGNING_REQUIRED = NO;
				"CODE_SIGN_IDENTITY[sdk=iphoneos*]" = "";
				CODE_SIGN_STYLE = manual;
				ENABLE_BITCODE = NO;
				FRAMEWORK_SEARCH_PATHS = "";
				HAMMER_DIAGNOSTIC_FLAGS = "";
				HEADER_SEARCH_PATHS = "";
				IPHONEOS_DEPLOYMENT_TARGET = 12.0;
				LIBRARY_SEARCH_PATHS = "";
				OTHER_CFLAGS = "";
				OTHER_SWIFT_FLAGS = "";
				PRODUCT_NAME = "$(TARGET_NAME)";
				PYTHONPATH = "${PYTHONPATH}:$(PROJECT_FILE_PATH)/XCHammerAssets";
				SDKROOT = iphoneos;
				TARGETED_DEVICE_FAMILY = "1,2";
				TULSI_WR = $SOURCE_ROOT;
				USE_HEADERMAP = NO;
			};
			name = Release;
		};
		BC_984239465164 /* Debug */ = {
			isa = XCBuildConfiguration;
			buildSettings = {
				ASSETCATALOG_COMPILER_APPICON_NAME = "";
				CLANG_ENABLE_MODULES = NO;
				CLANG_ENABLE_OBJC_ARC = YES;
				CODE_SIGNING_REQUIRED = NO;
				"CODE_SIGN_IDENTITY[sdk=iphoneos*]" = "";
				CODE_SIGN_STYLE = manual;
				ENABLE_BITCODE = NO;
				ENABLE_TESTABILITY = YES;
				FRAMEWORK_SEARCH_PATHS = "$(inherited) $(PLATFORM_DIR)/Developer/Library/Frameworks";
				HAMMER_DIAGNOSTIC_FLAGS = "";
				HEADER_SEARCH_PATHS = external;
				IPHONEOS_DEPLOYMENT_TARGET = 12.0;
				LIBRARY_SEARCH_PATHS = "";
				ONLY_ACTIVE_ARCH = YES;
				OTHER_CFLAGS = "-D_FORTIFY_SOURCE=1 -D_FORTIFY_SOURCE=1";
				OTHER_LDFLAGS = "-framework CoreGraphics -framework UIKit";
				"OTHER_LDFLAGS[sdk=iphonesimulator*]" = "-framework CoreGraphics -framework UIKit";
				OTHER_SWIFT_FLAGS = "";
				PRODUCT_NAME = "ios-app-main";
				SDKROOT = iphoneos;
				TARGETED_DEVICE_FAMILY = "1,2";
				TULSI_WR = $SOURCE_ROOT;
				USE_HEADERMAP = NO;
			};
			name = Debug;
		};
/* End XCBuildConfiguration section */

/* Begin XCConfigurationList section */
		CL_318624717384 /* Build configuration list for PBXLegacyTarget "GeneratedFiles" */ = {
			isa = XCConfigurationList;
			buildConfigurations = (
				BC_481247018519 /* Debug */,
				BC_577605069899 /* Release */,
			);
			defaultConfigurationIsVisible = 0;
			defaultConfigurationName = "";
		};
		CL_326755382182 /* Build configuration list for PBXNativeTarget "ios-app-Bazel" */ = {
			isa = XCConfigurationList;
			buildConfigurations = (
				BC_529676794877 /* Debug */,
				BC_860201645026 /* Release */,
			);
			defaultConfigurationIsVisible = 0;
			defaultConfigurationName = "";
		};
		CL_396434231687 /* Build configuration list for PBXNativeTarget "UnitTests" */ = {
			isa = XCConfigurationList;
			buildConfigurations = (
				BC_343698588936 /* Debug */,
				BC_513200306347 /* Release */,
			);
			defaultConfigurationIsVisible = 0;
			defaultConfigurationName = "";
		};
		CL_398865056014 /* Build configuration list for PBXLegacyTarget "ResetLLDBInit" */ = {
			isa = XCConfigurationList;
			buildConfigurations = (
				BC_355763252126 /* Debug */,
				BC_693898882498 /* Release */,
			);
			defaultConfigurationIsVisible = 0;
			defaultConfigurationName = "";
		};
		CL_410505378207 /* Build configuration list for PBXProject "SnapshotMe" */ = {
			isa = XCConfigurationList;
			buildConfigurations = (
				BC_535941998172 /* Debug */,
				BC_717280443486 /* Release */,
			);
			defaultConfigurationIsVisible = 0;
			defaultConfigurationName = Debug;
		};
		CL_522766133491 /* Build configuration list for PBXNativeTarget "ios-app-main" */ = {
			isa = XCConfigurationList;
			buildConfigurations = (
				BC_984239465164 /* Debug */,
				BC_429091570319 /* Release */,
			);
			defaultConfigurationIsVisible = 0;
			defaultConfigurationName = "";
		};
		CL_776868564126 /* Build configuration list for PBXLegacyTarget "UpdateXcodeProject" */ = {
			isa = XCConfigurationList;
			buildConfigurations = (
				BC_825603852867 /* Debug */,
				BC_198909022709 /* Release */,
			);
			defaultConfigurationIsVisible = 0;
			defaultConfigurationName = "";
		};
		CL_878559585834 /* Build configuration list for PBXNativeTarget "ios-app" */ = {
			isa = XCConfigurationList;
			buildConfigurations = (
				BC_767914582431 /* Debug */,
				BC_445253313198 /* Release */,
			);
			defaultConfigurationIsVisible = 0;
			defaultConfigurationName = "";
		};
/* End XCConfigurationList section */
	};
	rootObject = P_4105053782079 /* Project object */;
}
